<?xml version="1.0" encoding="utf-8"?>
<Project ToolsVersion="4.0" xmlns="http://schemas.microsoft.com/developer/msbuild/2003">
  <ItemGroup>
    <Filter Include="Source Files">
      <UniqueIdentifier>{4FC737F1-C7A5-4376-A066-2A32D752A2FF}</UniqueIdentifier>
      <Extensions>qml;cpp;c;cc;cxx;def;odl;idl;hpj;bat;asm;asmx</Extensions>
    </Filter>
    <Filter Include="Header Files">
      <UniqueIdentifier>{93995380-89BD-4b04-88EB-625FBE52EBFB}</UniqueIdentifier>
      <Extensions>h;hh;hpp;hxx;hm;inl;inc;xsd</Extensions>
    </Filter>
    <Filter Include="Resource Files">
      <UniqueIdentifier>{67DA6AB6-F800-4c08-8B7A-83BB121AAD01}</UniqueIdentifier>
      <Extensions>qrc;rc;ico;cur;bmp;dlg;rc2;rct;bin;rgs;gif;jpg;jpeg;jpe;resx;tiff;tif;png;wav;mfcribbon-ms</Extensions>
    </Filter>
    <Filter Include="Form Files">
      <UniqueIdentifier>{99349809-55BA-4b9d-BF79-8FDBB0286EB3}</UniqueIdentifier>
      <Extensions>ui</Extensions>
    </Filter>
    <Filter Include="Translation Files">
      <UniqueIdentifier>{639EADAA-A684-42e4-A9AD-28FC9BCB8F7C}</UniqueIdentifier>
      <Extensions>ts</Extensions>
    </Filter>
    <Filter Include="Registration">
      <UniqueIdentifier>{3fcff86d-d3cf-4760-b330-c8cd694ae0a0}</UniqueIdentifier>
    </Filter>
    <Filter Include="DataBase">
      <UniqueIdentifier>{0c374533-6507-497f-a76a-dc95c588d78b}</UniqueIdentifier>
    </Filter>
    <Filter Include="Core">
      <UniqueIdentifier>{433427d3-5ce9-493e-9cc3-1b8569d681cc}</UniqueIdentifier>
    </Filter>
    <Filter Include="DashBoard">
      <UniqueIdentifier>{164a97a5-3092-45c0-87b0-3d9a0f81cae7}</UniqueIdentifier>
    </Filter>
    <Filter Include="Activity">
      <UniqueIdentifier>{5da1d596-2067-4450-b01a-1236efb265a4}</UniqueIdentifier>
    </Filter>
    <Filter Include="Login">
      <UniqueIdentifier>{7b61645b-6484-4e3f-99a0-160d9d937e64}</UniqueIdentifier>
    </Filter>
  </ItemGroup>
  <ItemGroup>
    <QtRcc Include="ZenithHealthSuite.qrc">
      <Filter>Resource Files</Filter>
    </QtRcc>
    <QtUic Include="ZenithHealthSuite.ui">
      <Filter>Form Files</Filter>
    </QtUic>
    <QtMoc Include="ZenithHealthSuite.h">
      <Filter>Header Files</Filter>
    </QtMoc>
    <ClCompile Include="ZenithHealthSuite.cpp">
      <Filter>Source Files</Filter>
    </ClCompile>
    <QtRcc Include="Resource.qrc">
      <Filter>Resource Files</Filter>
    </QtRcc>
  </ItemGroup>
  <ItemGroup>
    <ClCompile Include="main.cpp">
      <Filter>Source Files</Filter>
    </ClCompile>
    <ClCompile Include="RegistrationScreen.cpp">
      <Filter>Registration</Filter>
    </ClCompile>
    <ClCompile Include="DatabaseManager.cpp">
      <Filter>DataBase</Filter>
    </ClCompile>
    <ClCompile Include="user.cpp">
      <Filter>Core</Filter>
    </ClCompile>
    <ClCompile Include="DashboardScreen.cpp">
      <Filter>DashBoard</Filter>
    </ClCompile>
    <ClCompile Include="Activity.cpp">
      <Filter>Activity</Filter>
    </ClCompile>
    <ClCompile Include="login.cpp">
      <Filter>Login</Filter>
    </ClCompile>
    <ClCompile Include="History.cpp">
      <Filter>Source Files</Filter>
    </ClCompile>
  </ItemGroup>
  <ItemGroup>
    <ClInclude Include="DatabaseManager.h">
      <Filter>DataBase</Filter>
    </ClInclude>
    <ClInclude Include="user.h">
      <Filter>Core</Filter>
    </ClInclude>
  </ItemGroup>
  <ItemGroup>
    <QtMoc Include="RegistrationScreen.h">
      <Filter>Registration</Filter>
    </QtMoc>
    <QtMoc Include="DashboardScreen.h">
      <Filter>DashBoard</Filter>
    </QtMoc>
    <QtMoc Include="Activity.h">
      <Filter>Activity</Filter>
    </QtMoc>
    <QtMoc Include="login.h">
      <Filter>Login</Filter>
    </QtMoc>
    <QtMoc Include="History.h">
      <Filter>Header Files</Filter>
    </QtMoc>
  </ItemGroup>
  <ItemGroup>
    <QtUic Include="RegistrationScreen.ui">
      <Filter>Registration</Filter>
    </QtUic>
    <QtUic Include="DashboardScreen.ui">
      <Filter>DashBoard</Filter>
    </QtUic>
    <QtUic Include="Activity.ui">
      <Filter>Activity</Filter>
    </QtUic>
    <QtUic Include="login.ui">
      <Filter>Login</Filter>
    </QtUic>
    <QtUic Include="History.ui">
      <Filter>Form Files</Filter>
    </QtUic>
  </ItemGroup>
</Project>